
Microsoft Visual Studio Solution File, Format Version 12.00
# Visual Studio Version 17
VisualStudioVersion = 17.5.002.0
MinimumVisualStudioVersion = 10.0.40219.1
Project("{2150E333-8FDC-42A3-9474-1A3956D46DE8}") = "projects", "projects", "{62DEB803-1084-483F-92EF-1F561A3E61AE}"
EndProject
Project("{9A19103F-16F7-4668-BE54-9A1E7A4F7556}") = "ECommerce", "projects\ECommerce\ECommerce.csproj", "{97C94E58-8326-47CE-A66F-23130BD8A279}"
EndProject
Global
	GlobalSection(SolutionConfigurationPlatforms) = preSolution
		Debug|Any CPU = Debug|Any CPU
		Release|Any CPU = Release|Any CPU
	EndGlobalSection
	GlobalSection(ProjectConfigurationPlatforms) = postSolution
		{97C94E58-8326-47CE-A66F-23130BD8A279}.Debug|Any CPU.ActiveCfg = Debug|Any CPU
		{97C94E58-8326-47CE-A66F-23130BD8A279}.Debug|Any CPU.Build.0 = Debug|Any CPU
		{97C94E58-8326-47CE-A66F-23130BD8A279}.Release|Any CPU.ActiveCfg = Release|Any CPU
		{97C94E58-8326-47CE-A66F-23130BD8A279}.Release|Any CPU.Build.0 = Release|Any CPU
	EndGlobalSection
	GlobalSection(SolutionProperties) = preSolution
		HideSolutionNode = FALSE
	EndGlobalSection
	GlobalSection(NestedProjects) = preSolution
		{97C94E58-8326-47CE-A66F-23130BD8A279} = {62DEB803-1084-483F-92EF-1F561A3E61AE}
	EndGlobalSection
	GlobalSection(ExtensibilityGlobals) = postSolution
		SolutionGuid = {D5B72A53-0F02-465A-BF79-139F5DFEC349}
	EndGlobalSection
EndGlobal
