
Microsoft Visual Studio Solution File, Format Version 12.00
# Visual Studio Version 17
VisualStudioVersion = 17.5.002.0
MinimumVisualStudioVersion = 10.0.40219.1
Project("{2150E333-8FDC-42A3-9474-1A3956D46DE8}") = "projects", "projects", "{491B612E-B848-4C2F-9D16-658B1D6E7A1A}"
EndProject
Project("{9A19103F-16F7-4668-BE54-9A1E7A4F7556}") = "SocialMedia", "projects\SocialMedia\SocialMedia.csproj", "{F807C467-475E-4E9F-90C8-B0B13FB839B3}"
EndProject
Project("{9A19103F-16F7-4668-BE54-9A1E7A4F7556}") = "EventManagement", "projects\EventManagement\EventManagement.csproj", "{589039D2-C763-4100-A3E5-7F81239CA430}"
EndProject
Project("{9A19103F-16F7-4668-BE54-9A1E7A4F7556}") = "OnlineFood", "projects\OnlineFood\OnlineFood.csproj", "{D1DF90D0-3DAA-42D4-8D75-9C2826AB7E41}"
EndProject
Project("{9A19103F-16F7-4668-BE54-9A1E7A4F7556}") = "ECommerce", "projects\ECommerce\ECommerce.csproj", "{D1AFCCC9-2583-433C-B4E3-2040C69BF2DE}"
EndProject
Global
	GlobalSection(SolutionConfigurationPlatforms) = preSolution
		Debug|Any CPU = Debug|Any CPU
		Release|Any CPU = Release|Any CPU
	EndGlobalSection
	GlobalSection(ProjectConfigurationPlatforms) = postSolution
		{F807C467-475E-4E9F-90C8-B0B13FB839B3}.Debug|Any CPU.ActiveCfg = Debug|Any CPU
		{F807C467-475E-4E9F-90C8-B0B13FB839B3}.Debug|Any CPU.Build.0 = Debug|Any CPU
		{F807C467-475E-4E9F-90C8-B0B13FB839B3}.Release|Any CPU.ActiveCfg = Release|Any CPU
		{F807C467-475E-4E9F-90C8-B0B13FB839B3}.Release|Any CPU.Build.0 = Release|Any CPU
		{589039D2-C763-4100-A3E5-7F81239CA430}.Debug|Any CPU.ActiveCfg = Debug|Any CPU
		{589039D2-C763-4100-A3E5-7F81239CA430}.Debug|Any CPU.Build.0 = Debug|Any CPU
		{589039D2-C763-4100-A3E5-7F81239CA430}.Release|Any CPU.ActiveCfg = Release|Any CPU
		{589039D2-C763-4100-A3E5-7F81239CA430}.Release|Any CPU.Build.0 = Release|Any CPU
		{D1DF90D0-3DAA-42D4-8D75-9C2826AB7E41}.Debug|Any CPU.ActiveCfg = Debug|Any CPU
		{D1DF90D0-3DAA-42D4-8D75-9C2826AB7E41}.Debug|Any CPU.Build.0 = Debug|Any CPU
		{D1DF90D0-3DAA-42D4-8D75-9C2826AB7E41}.Release|Any CPU.ActiveCfg = Release|Any CPU
		{D1DF90D0-3DAA-42D4-8D75-9C2826AB7E41}.Release|Any CPU.Build.0 = Release|Any CPU
		{D1AFCCC9-2583-433C-B4E3-2040C69BF2DE}.Debug|Any CPU.ActiveCfg = Debug|Any CPU
		{D1AFCCC9-2583-433C-B4E3-2040C69BF2DE}.Debug|Any CPU.Build.0 = Debug|Any CPU
		{D1AFCCC9-2583-433C-B4E3-2040C69BF2DE}.Release|Any CPU.ActiveCfg = Release|Any CPU
		{D1AFCCC9-2583-433C-B4E3-2040C69BF2DE}.Release|Any CPU.Build.0 = Release|Any CPU
	EndGlobalSection
	GlobalSection(SolutionProperties) = preSolution
		HideSolutionNode = FALSE
	EndGlobalSection
	GlobalSection(NestedProjects) = preSolution
		{F807C467-475E-4E9F-90C8-B0B13FB839B3} = {491B612E-B848-4C2F-9D16-658B1D6E7A1A}
		{589039D2-C763-4100-A3E5-7F81239CA430} = {491B612E-B848-4C2F-9D16-658B1D6E7A1A}
		{D1DF90D0-3DAA-42D4-8D75-9C2826AB7E41} = {491B612E-B848-4C2F-9D16-658B1D6E7A1A}
		{D1AFCCC9-2583-433C-B4E3-2040C69BF2DE} = {491B612E-B848-4C2F-9D16-658B1D6E7A1A}
	EndGlobalSection
	GlobalSection(ExtensibilityGlobals) = postSolution
		SolutionGuid = {D5B72A53-0F02-465A-BF79-139F5DFEC349}
	EndGlobalSection
EndGlobal
